// !$*UTF8*$!
{
	archiveVersion = 1;
	classes = {
	};
	objectVersion = 50;
	objects = {

/* Begin PBXBuildFile section */
		1C0294872476FE3B00015A5E /* AppDelegate.swift in Sources */ = {isa = PBXBuildFile; fileRef = 1C0294862476FE3B00015A5E /* AppDelegate.swift */; };
		1C0294892476FE3B00015A5E /* SceneDelegate.swift in Sources */ = {isa = PBXBuildFile; fileRef = 1C0294882476FE3B00015A5E /* SceneDelegate.swift */; };
		1C02948B2476FE3B00015A5E /* EmojiMemoryGameView.swift in Sources */ = {isa = PBXBuildFile; fileRef = 1C02948A2476FE3B00015A5E /* EmojiMemoryGameView.swift */; };
		1C02948D2476FE4500015A5E /* Assets.xcassets in Resources */ = {isa = PBXBuildFile; fileRef = 1C02948C2476FE4500015A5E /* Assets.xcassets */; };
		1C0294902476FE4500015A5E /* Preview Assets.xcassets in Resources */ = {isa = PBXBuildFile; fileRef = 1C02948F2476FE4500015A5E /* Preview Assets.xcassets */; };
		1C0294932476FE4500015A5E /* LaunchScreen.storyboard in Resources */ = {isa = PBXBuildFile; fileRef = 1C0294912476FE4500015A5E /* LaunchScreen.storyboard */; };
		1C02949B247841C800015A5E /* MemoryGame.swift in Sources */ = {isa = PBXBuildFile; fileRef = 1C02949A247841C800015A5E /* MemoryGame.swift */; };
		1C02949D2478431800015A5E /* EmojiMemoryGame.swift in Sources */ = {isa = PBXBuildFile; fileRef = 1C02949C2478431800015A5E /* EmojiMemoryGame.swift */; };
		1C8BA8D6248B20AC0003E069 /* Grid.swift in Sources */ = {isa = PBXBuildFile; fileRef = 1C8BA8D5248B20AC0003E069 /* Grid.swift */; };
		1C8BA8D8248C6F590003E069 /* GridLayout.swift in Sources */ = {isa = PBXBuildFile; fileRef = 1C8BA8D7248C6F580003E069 /* GridLayout.swift */; };
		1C8BA8DA248C74970003E069 /* Array+Identifiable.swift in Sources */ = {isa = PBXBuildFile; fileRef = 1C8BA8D9248C74970003E069 /* Array+Identifiable.swift */; };
		1C8BA8E0248C8C240003E069 /* Array+Only.swift in Sources */ = {isa = PBXBuildFile; fileRef = 1C8BA8DF248C8C240003E069 /* Array+Only.swift */; };
		1C8BA8E4248DF6B00003E069 /* Bool+IntValue.swift in Sources */ = {isa = PBXBuildFile; fileRef = 1C8BA8E3248DF6AF0003E069 /* Bool+IntValue.swift */; };
/* End PBXBuildFile section */

/* Begin PBXFileReference section */
		1C0294832476FE3B00015A5E /* Memorize.app */ = {isa = PBXFileReference; explicitFileType = wrapper.application; includeInIndex = 0; path = Memorize.app; sourceTree = BUILT_PRODUCTS_DIR; };
		1C0294862476FE3B00015A5E /* AppDelegate.swift */ = {isa = PBXFileReference; lastKnownFileType = sourcecode.swift; path = AppDelegate.swift; sourceTree = "<group>"; };
		1C0294882476FE3B00015A5E /* SceneDelegate.swift */ = {isa = PBXFileReference; lastKnownFileType = sourcecode.swift; path = SceneDelegate.swift; sourceTree = "<group>"; };
		1C02948A2476FE3B00015A5E /* EmojiMemoryGameView.swift */ = {isa = PBXFileReference; lastKnownFileType = sourcecode.swift; path = EmojiMemoryGameView.swift; sourceTree = "<group>"; };
		1C02948C2476FE4500015A5E /* Assets.xcassets */ = {isa = PBXFileReference; lastKnownFileType = folder.assetcatalog; path = Assets.xcassets; sourceTree = "<group>"; };
		1C02948F2476FE4500015A5E /* Preview Assets.xcassets */ = {isa = PBXFileReference; lastKnownFileType = folder.assetcatalog; path = "Preview Assets.xcassets"; sourceTree = "<group>"; };
		1C0294922476FE4500015A5E /* Base */ = {isa = PBXFileReference; lastKnownFileType = file.storyboard; name = Base; path = Base.lproj/LaunchScreen.storyboard; sourceTree = "<group>"; };
		1C0294942476FE4500015A5E /* Info.plist */ = {isa = PBXFileReference; lastKnownFileType = text.plist.xml; path = Info.plist; sourceTree = "<group>"; };
		1C02949A247841C800015A5E /* MemoryGame.swift */ = {isa = PBXFileReference; lastKnownFileType = sourcecode.swift; path = MemoryGame.swift; sourceTree = "<group>"; };
		1C02949C2478431800015A5E /* EmojiMemoryGame.swift */ = {isa = PBXFileReference; lastKnownFileType = sourcecode.swift; path = EmojiMemoryGame.swift; sourceTree = "<group>"; };
		1C8BA8D5248B20AC0003E069 /* Grid.swift */ = {isa = PBXFileReference; lastKnownFileType = sourcecode.swift; path = Grid.swift; sourceTree = "<group>"; };
		1C8BA8D7248C6F580003E069 /* GridLayout.swift */ = {isa = PBXFileReference; fileEncoding = 4; lastKnownFileType = sourcecode.swift; path = GridLayout.swift; sourceTree = "<group>"; };
		1C8BA8D9248C74970003E069 /* Array+Identifiable.swift */ = {isa = PBXFileReference; lastKnownFileType = sourcecode.swift; path = "Array+Identifiable.swift"; sourceTree = "<group>"; };
		1C8BA8DF248C8C240003E069 /* Array+Only.swift */ = {isa = PBXFileReference; lastKnownFileType = sourcecode.swift; path = "Array+Only.swift"; sourceTree = SOURCE_ROOT; };
		1C8BA8E3248DF6AF0003E069 /* Bool+IntValue.swift */ = {isa = PBXFileReference; lastKnownFileType = sourcecode.swift; path = "Bool+IntValue.swift"; sourceTree = "<group>"; };
/* End PBXFileReference section */

/* Begin PBXFrameworksBuildPhase section */
		1C0294802476FE3B00015A5E /* Frameworks */ = {
			isa = PBXFrameworksBuildPhase;
			buildActionMask = 2147483647;
			files = (
			);
			runOnlyForDeploymentPostprocessing = 0;
		};
/* End PBXFrameworksBuildPhase section */

/* Begin PBXGroup section */
		1C02947A2476FE3B00015A5E = {
			isa = PBXGroup;
			children = (
				1C0294852476FE3B00015A5E /* Memorize */,
				1C0294842476FE3B00015A5E /* Products */,
			);
			sourceTree = "<group>";
		};
		1C0294842476FE3B00015A5E /* Products */ = {
			isa = PBXGroup;
			children = (
				1C0294832476FE3B00015A5E /* Memorize.app */,
			);
			name = Products;
			sourceTree = "<group>";
		};
		1C0294852476FE3B00015A5E /* Memorize */ = {
			isa = PBXGroup;
			children = (
				1C0294862476FE3B00015A5E /* AppDelegate.swift */,
				1C0294882476FE3B00015A5E /* SceneDelegate.swift */,
				1C02948A2476FE3B00015A5E /* EmojiMemoryGameView.swift */,
				1C8BA8D5248B20AC0003E069 /* Grid.swift */,
				1C8BA8D9248C74970003E069 /* Array+Identifiable.swift */,
				1C8BA8D7248C6F580003E069 /* GridLayout.swift */,
				1C8BA8DF248C8C240003E069 /* Array+Only.swift */,
				1C02949C2478431800015A5E /* EmojiMemoryGame.swift */,
				1C02949A247841C800015A5E /* MemoryGame.swift */,
				1C8BA8E3248DF6AF0003E069 /* Bool+IntValue.swift */,
				1C02948C2476FE4500015A5E /* Assets.xcassets */,
				1C0294912476FE4500015A5E /* LaunchScreen.storyboard */,
				1C0294942476FE4500015A5E /* Info.plist */,
				1C02948E2476FE4500015A5E /* Preview Content */,
			);
			path = Memorize;
			sourceTree = "<group>";
		};
		1C02948E2476FE4500015A5E /* Preview Content */ = {
			isa = PBXGroup;
			children = (
				1C02948F2476FE4500015A5E /* Preview Assets.xcassets */,
			);
			path = "Preview Content";
			sourceTree = "<group>";
		};
/* End PBXGroup section */

/* Begin PBXNativeTarget section */
		1C0294822476FE3B00015A5E /* Memorize */ = {
			isa = PBXNativeTarget;
			buildConfigurationList = 1C0294972476FE4500015A5E /* Build configuration list for PBXNativeTarget "Memorize" */;
			buildPhases = (
				1C02947F2476FE3B00015A5E /* Sources */,
				1C0294802476FE3B00015A5E /* Frameworks */,
				1C0294812476FE3B00015A5E /* Resources */,
			);
			buildRules = (
			);
			dependencies = (
			);
			name = Memorize;
			productName = Memorize;
			productReference = 1C0294832476FE3B00015A5E /* Memorize.app */;
			productType = "com.apple.product-type.application";
		};
/* End PBXNativeTarget section */

/* Begin PBXProject section */
		1C02947B2476FE3B00015A5E /* Project object */ = {
			isa = PBXProject;
			attributes = {
				LastSwiftUpdateCheck = 1150;
				LastUpgradeCheck = 1150;
				ORGANIZATIONNAME = "Rohan Erasala";
				TargetAttributes = {
					1C0294822476FE3B00015A5E = {
						CreatedOnToolsVersion = 11.5;
					};
				};
			};
			buildConfigurationList = 1C02947E2476FE3B00015A5E /* Build configuration list for PBXProject "Memorize" */;
			compatibilityVersion = "Xcode 9.3";
			developmentRegion = en;
			hasScannedForEncodings = 0;
			knownRegions = (
				en,
				Base,
			);
			mainGroup = 1C02947A2476FE3B00015A5E;
			productRefGroup = 1C0294842476FE3B00015A5E /* Products */;
			projectDirPath = "";
			projectRoot = "";
			targets = (
				1C0294822476FE3B00015A5E /* Memorize */,
			);
		};
/* End PBXProject section */

/* Begin PBXResourcesBuildPhase section */
		1C0294812476FE3B00015A5E /* Resources */ = {
			isa = PBXResourcesBuildPhase;
			buildActionMask = 2147483647;
			files = (
				1C0294932476FE4500015A5E /* LaunchScreen.storyboard in Resources */,
				1C0294902476FE4500015A5E /* Preview Assets.xcassets in Resources */,
				1C02948D2476FE4500015A5E /* Assets.xcassets in Resources */,
			);
			runOnlyForDeploymentPostprocessing = 0;
		};
/* End PBXResourcesBuildPhase section */

/* Begin PBXSourcesBuildPhase section */
		1C02947F2476FE3B00015A5E /* Sources */ = {
			isa = PBXSourcesBuildPhase;
			buildActionMask = 2147483647;
			files = (
				1C0294872476FE3B00015A5E /* AppDelegate.swift in Sources */,
				1C0294892476FE3B00015A5E /* SceneDelegate.swift in Sources */,
				1C02949B247841C800015A5E /* MemoryGame.swift in Sources */,
				1C8BA8E4248DF6B00003E069 /* Bool+IntValue.swift in Sources */,
				1C8BA8E0248C8C240003E069 /* Array+Only.swift in Sources */,
				1C02948B2476FE3B00015A5E /* EmojiMemoryGameView.swift in Sources */,
				1C02949D2478431800015A5E /* EmojiMemoryGame.swift in Sources */,
				1C8BA8DA248C74970003E069 /* Array+Identifiable.swift in Sources */,
				1C8BA8D8248C6F590003E069 /* GridLayout.swift in Sources */,
				1C8BA8D6248B20AC0003E069 /* Grid.swift in Sources */,
			);
			runOnlyForDeploymentPostprocessing = 0;
		};
/* End PBXSourcesBuildPhase section */

/* Begin PBXVariantGroup section */
		1C0294912476FE4500015A5E /* LaunchScreen.storyboard */ = {
			isa = PBXVariantGroup;
			children = (
				1C0294922476FE4500015A5E /* Base */,
			);
			name = LaunchScreen.storyboard;
			sourceTree = "<group>";
		};
/* End PBXVariantGroup section */

/* Begin XCBuildConfiguration section */
		1C0294952476FE4500015A5E /* Debug */ = {
			isa = XCBuildConfiguration;
			buildSettings = {
				ALWAYS_SEARCH_USER_PATHS = NO;
				CLANG_ANALYZER_NONNULL = YES;
				CLANG_ANALYZER_NUMBER_OBJECT_CONVERSION = YES_AGGRESSIVE;
				CLANG_CXX_LANGUAGE_STANDARD = "gnu++14";
				CLANG_CXX_LIBRARY = "libc++";
				CLANG_ENABLE_MODULES = YES;
				CLANG_ENABLE_OBJC_ARC = YES;
				CLANG_ENABLE_OBJC_WEAK = YES;
				CLANG_WARN_BLOCK_CAPTURE_AUTORELEASING = YES;
				CLANG_WARN_BOOL_CONVERSION = YES;
				CLANG_WARN_COMMA = YES;
				CLANG_WARN_CONSTANT_CONVERSION = YES;
				CLANG_WARN_DEPRECATED_OBJC_IMPLEMENTATIONS = YES;
				CLANG_WARN_DIRECT_OBJC_ISA_USAGE = YES_ERROR;
				CLANG_WARN_DOCUMENTATION_COMMENTS = YES;
				CLANG_WARN_EMPTY_BODY = YES;
				CLANG_WARN_ENUM_CONVERSION = YES;
				CLANG_WARN_INFINITE_RECURSION = YES;
				CLANG_WARN_INT_CONVERSION = YES;
				CLANG_WARN_NON_LITERAL_NULL_CONVERSION = YES;
				CLANG_WARN_OBJC_IMPLICIT_RETAIN_SELF = YES;
				CLANG_WARN_OBJC_LITERAL_CONVERSION = YES;
				CLANG_WARN_OBJC_ROOT_CLASS = YES_ERROR;
				CLANG_WARN_RANGE_LOOP_ANALYSIS = YES;
				CLANG_WARN_STRICT_PROTOTYPES = YES;
				CLANG_WARN_SUSPICIOUS_MOVE = YES;
				CLANG_WARN_UNGUARDED_AVAILABILITY = YES_AGGRESSIVE;
				CLANG_WARN_UNREACHABLE_CODE = YES;
				CLANG_WARN__DUPLICATE_METHOD_MATCH = YES;
				COPY_PHASE_STRIP = NO;
				DEBUG_INFORMATION_FORMAT = dwarf;
				ENABLE_STRICT_OBJC_MSGSEND = YES;
				ENABLE_TESTABILITY = YES;
				GCC_C_LANGUAGE_STANDARD = gnu11;
				GCC_DYNAMIC_NO_PIC = NO;
				GCC_NO_COMMON_BLOCKS = YES;
				GCC_OPTIMIZATION_LEVEL = 0;
				GCC_PREPROCESSOR_DEFINITIONS = (
					"DEBUG=1",
					"$(inherited)",
				);
				GCC_WARN_64_TO_32_BIT_CONVERSION = YES;
				GCC_WARN_ABOUT_RETURN_TYPE = YES_ERROR;
				GCC_WARN_UNDECLARED_SELECTOR = YES;
				GCC_WARN_UNINITIALIZED_AUTOS = YES_AGGRESSIVE;
				GCC_WARN_UNUSED_FUNCTION = YES;
				GCC_WARN_UNUSED_VARIABLE = YES;
				IPHONEOS_DEPLOYMENT_TARGET = 13.5;
				MTL_ENABLE_DEBUG_INFO = INCLUDE_SOURCE;
				MTL_FAST_MATH = YES;
				ONLY_ACTIVE_ARCH = YES;
				SDKROOT = iphoneos;
				SWIFT_ACTIVE_COMPILATION_CONDITIONS = DEBUG;
				SWIFT_OPTIMIZATION_LEVEL = "-Onone";
			};
			name = Debug;
		};
		1C0294962476FE4500015A5E /* Release */ = {
			isa = XCBuildConfiguration;
			buildSettings = {
				ALWAYS_SEARCH_USER_PATHS = NO;
				CLANG_ANALYZER_NONNULL = YES;
				CLANG_ANALYZER_NUMBER_OBJECT_CONVERSION = YES_AGGRESSIVE;
				CLANG_CXX_LANGUAGE_STANDARD = "gnu++14";
				CLANG_CXX_LIBRARY = "libc++";
				CLANG_ENABLE_MODULES = YES;
				CLANG_ENABLE_OBJC_ARC = YES;
				CLANG_ENABLE_OBJC_WEAK = YES;
				CLANG_WARN_BLOCK_CAPTURE_AUTORELEASING = YES;
				CLANG_WARN_BOOL_CONVERSION = YES;
				CLANG_WARN_COMMA = YES;
				CLANG_WARN_CONSTANT_CONVERSION = YES;
				CLANG_WARN_DEPRECATED_OBJC_IMPLEMENTATIONS = YES;
				CLANG_WARN_DIRECT_OBJC_ISA_USAGE = YES_ERROR;
				CLANG_WARN_DOCUMENTATION_COMMENTS = YES;
				CLANG_WARN_EMPTY_BODY = YES;
				CLANG_WARN_ENUM_CONVERSION = YES;
				CLANG_WARN_INFINITE_RECURSION = YES;
				CLANG_WARN_INT_CONVERSION = YES;
				CLANG_WARN_NON_LITERAL_NULL_CONVERSION = YES;
				CLANG_WARN_OBJC_IMPLICIT_RETAIN_SELF = YES;
				CLANG_WARN_OBJC_LITERAL_CONVERSION = YES;
				CLANG_WARN_OBJC_ROOT_CLASS = YES_ERROR;
				CLANG_WARN_RANGE_LOOP_ANALYSIS = YES;
				CLANG_WARN_STRICT_PROTOTYPES = YES;
				CLANG_WARN_SUSPICIOUS_MOVE = YES;
				CLANG_WARN_UNGUARDED_AVAILABILITY = YES_AGGRESSIVE;
				CLANG_WARN_UNREACHABLE_CODE = YES;
				CLANG_WARN__DUPLICATE_METHOD_MATCH = YES;
				COPY_PHASE_STRIP = NO;
				DEBUG_INFORMATION_FORMAT = "dwarf-with-dsym";
				ENABLE_NS_ASSERTIONS = NO;
				ENABLE_STRICT_OBJC_MSGSEND = YES;
				GCC_C_LANGUAGE_STANDARD = gnu11;
				GCC_NO_COMMON_BLOCKS = YES;
				GCC_WARN_64_TO_32_BIT_CONVERSION = YES;
				GCC_WARN_ABOUT_RETURN_TYPE = YES_ERROR;
				GCC_WARN_UNDECLARED_SELECTOR = YES;
				GCC_WARN_UNINITIALIZED_AUTOS = YES_AGGRESSIVE;
				GCC_WARN_UNUSED_FUNCTION = YES;
				GCC_WARN_UNUSED_VARIABLE = YES;
				IPHONEOS_DEPLOYMENT_TARGET = 13.5;
				MTL_ENABLE_DEBUG_INFO = NO;
				MTL_FAST_MATH = YES;
				SDKROOT = iphoneos;
				SWIFT_COMPILATION_MODE = wholemodule;
				SWIFT_OPTIMIZATION_LEVEL = "-O";
				VALIDATE_PRODUCT = YES;
			};
			name = Release;
		};
		1C0294982476FE4500015A5E /* Debug */ = {
			isa = XCBuildConfiguration;
			buildSettings = {
				ASSETCATALOG_COMPILER_APPICON_NAME = AppIcon;
				CODE_SIGN_STYLE = Automatic;
				DEVELOPMENT_ASSET_PATHS = "\"Memorize/Preview Content\"";
				ENABLE_PREVIEWS = YES;
				INFOPLIST_FILE = Memorize/Info.plist;
				LD_RUNPATH_SEARCH_PATHS = (
					"$(inherited)",
					"@executable_path/Frameworks",
				);
				PRODUCT_BUNDLE_IDENTIFIER = rerasala.Memorize;
				PRODUCT_NAME = "$(TARGET_NAME)";
				SWIFT_VERSION = 5.0;
				TARGETED_DEVICE_FAMILY = "1,2";
			};
			name = Debug;
		};
		1C0294992476FE4500015A5E /* Release */ = {
			isa = XCBuildConfiguration;
			buildSettings = {
				ASSETCATALOG_COMPILER_APPICON_NAME = AppIcon;
				CODE_SIGN_STYLE = Automatic;
				DEVELOPMENT_ASSET_PATHS = "\"Memorize/Preview Content\"";
				ENABLE_PREVIEWS = YES;
				INFOPLIST_FILE = Memorize/Info.plist;
				LD_RUNPATH_SEARCH_PATHS = (
					"$(inherited)",
					"@executable_path/Frameworks",
				);
				PRODUCT_BUNDLE_IDENTIFIER = rerasala.Memorize;
				PRODUCT_NAME = "$(TARGET_NAME)";
				SWIFT_VERSION = 5.0;
				TARGETED_DEVICE_FAMILY = "1,2";
			};
			name = Release;
		};
/* End XCBuildConfiguration section */

/* Begin XCConfigurationList section */
		1C02947E2476FE3B00015A5E /* Build configuration list for PBXProject "Memorize" */ = {
			isa = XCConfigurationList;
			buildConfigurations = (
				1C0294952476FE4500015A5E /* Debug */,
				1C0294962476FE4500015A5E /* Release */,
			);
			defaultConfigurationIsVisible = 0;
			defaultConfigurationName = Release;
		};
		1C0294972476FE4500015A5E /* Build configuration list for PBXNativeTarget "Memorize" */ = {
			isa = XCConfigurationList;
			buildConfigurations = (
				1C0294982476FE4500015A5E /* Debug */,
				1C0294992476FE4500015A5E /* Release */,
			);
			defaultConfigurationIsVisible = 0;
			defaultConfigurationName = Release;
		};
/* End XCConfigurationList section */
	};
	rootObject = 1C02947B2476FE3B00015A5E /* Project object */;
}
